// !$*UTF8*$!
{
	archiveVersion = 1;
	classes = {
	};
	objectVersion = 50;
	objects = {

/* Begin PBXBuildFile section */
		571120502255706D008EAE66 /* AppDelegate.swift in Sources */ = {isa = PBXBuildFile; fileRef = 5711204F2255706D008EAE66 /* AppDelegate.swift */; };
		571120522255706D008EAE66 /* ViewController.swift in Sources */ = {isa = PBXBuildFile; fileRef = 571120512255706D008EAE66 /* ViewController.swift */; };
		571120552255706D008EAE66 /* Main.storyboard in Resources */ = {isa = PBXBuildFile; fileRef = 571120532255706D008EAE66 /* Main.storyboard */; };
		571120582255706D008EAE66 /* Movs_Test.xcdatamodeld in Sources */ = {isa = PBXBuildFile; fileRef = 571120562255706D008EAE66 /* Movs_Test.xcdatamodeld */; };
		5711205A22557070008EAE66 /* Assets.xcassets in Resources */ = {isa = PBXBuildFile; fileRef = 5711205922557070008EAE66 /* Assets.xcassets */; };
		5711205D22557070008EAE66 /* LaunchScreen.storyboard in Resources */ = {isa = PBXBuildFile; fileRef = 5711205B22557070008EAE66 /* LaunchScreen.storyboard */; };
		5711206822557070008EAE66 /* Movs_TestTests.swift in Sources */ = {isa = PBXBuildFile; fileRef = 5711206722557070008EAE66 /* Movs_TestTests.swift */; };
		5711207322557070008EAE66 /* Movs_TestUITests.swift in Sources */ = {isa = PBXBuildFile; fileRef = 5711207222557070008EAE66 /* Movs_TestUITests.swift */; };
		571120862255B552008EAE66 /* VCFavorites.swift in Sources */ = {isa = PBXBuildFile; fileRef = 571120852255B552008EAE66 /* VCFavorites.swift */; };
		571120882255B6DD008EAE66 /* Movies.swift in Sources */ = {isa = PBXBuildFile; fileRef = 571120872255B6DD008EAE66 /* Movies.swift */; };
		5711208A2255B73F008EAE66 /* Results.swift in Sources */ = {isa = PBXBuildFile; fileRef = 571120892255B73F008EAE66 /* Results.swift */; };
		5711208C2256A7C8008EAE66 /* VCMovies.swift in Sources */ = {isa = PBXBuildFile; fileRef = 5711208B2256A7C8008EAE66 /* VCMovies.swift */; };
		5711208E2256ADA7008EAE66 /* VCDetailMovs.swift in Sources */ = {isa = PBXBuildFile; fileRef = 5711208D2256ADA7008EAE66 /* VCDetailMovs.swift */; };
/* End PBXBuildFile section */

/* Begin PBXContainerItemProxy section */
		5711206422557070008EAE66 /* PBXContainerItemProxy */ = {
			isa = PBXContainerItemProxy;
			containerPortal = 571120442255706C008EAE66 /* Project object */;
			proxyType = 1;
			remoteGlobalIDString = 5711204B2255706D008EAE66;
			remoteInfo = "Movs-Test";
		};
		5711206F22557070008EAE66 /* PBXContainerItemProxy */ = {
			isa = PBXContainerItemProxy;
			containerPortal = 571120442255706C008EAE66 /* Project object */;
			proxyType = 1;
			remoteGlobalIDString = 5711204B2255706D008EAE66;
			remoteInfo = "Movs-Test";
		};
/* End PBXContainerItemProxy section */

/* Begin PBXFileReference section */
		5711204C2255706D008EAE66 /* Movs-Test.app */ = {isa = PBXFileReference; explicitFileType = wrapper.application; includeInIndex = 0; path = "Movs-Test.app"; sourceTree = BUILT_PRODUCTS_DIR; };
		5711204F2255706D008EAE66 /* AppDelegate.swift */ = {isa = PBXFileReference; lastKnownFileType = sourcecode.swift; path = AppDelegate.swift; sourceTree = "<group>"; };
		571120512255706D008EAE66 /* ViewController.swift */ = {isa = PBXFileReference; lastKnownFileType = sourcecode.swift; path = ViewController.swift; sourceTree = "<group>"; };
		571120542255706D008EAE66 /* Base */ = {isa = PBXFileReference; lastKnownFileType = file.storyboard; name = Base; path = Base.lproj/Main.storyboard; sourceTree = "<group>"; };
		571120572255706D008EAE66 /* Movs_Test.xcdatamodel */ = {isa = PBXFileReference; lastKnownFileType = wrapper.xcdatamodel; path = Movs_Test.xcdatamodel; sourceTree = "<group>"; };
		5711205922557070008EAE66 /* Assets.xcassets */ = {isa = PBXFileReference; lastKnownFileType = folder.assetcatalog; path = Assets.xcassets; sourceTree = "<group>"; };
		5711205C22557070008EAE66 /* Base */ = {isa = PBXFileReference; lastKnownFileType = file.storyboard; name = Base; path = Base.lproj/LaunchScreen.storyboard; sourceTree = "<group>"; };
		5711205E22557070008EAE66 /* Info.plist */ = {isa = PBXFileReference; lastKnownFileType = text.plist.xml; path = Info.plist; sourceTree = "<group>"; };
		5711206322557070008EAE66 /* Movs-TestTests.xctest */ = {isa = PBXFileReference; explicitFileType = wrapper.cfbundle; includeInIndex = 0; path = "Movs-TestTests.xctest"; sourceTree = BUILT_PRODUCTS_DIR; };
		5711206722557070008EAE66 /* Movs_TestTests.swift */ = {isa = PBXFileReference; lastKnownFileType = sourcecode.swift; path = Movs_TestTests.swift; sourceTree = "<group>"; };
		5711206922557070008EAE66 /* Info.plist */ = {isa = PBXFileReference; lastKnownFileType = text.plist.xml; path = Info.plist; sourceTree = "<group>"; };
		5711206E22557070008EAE66 /* Movs-TestUITests.xctest */ = {isa = PBXFileReference; explicitFileType = wrapper.cfbundle; includeInIndex = 0; path = "Movs-TestUITests.xctest"; sourceTree = BUILT_PRODUCTS_DIR; };
		5711207222557070008EAE66 /* Movs_TestUITests.swift */ = {isa = PBXFileReference; lastKnownFileType = sourcecode.swift; path = Movs_TestUITests.swift; sourceTree = "<group>"; };
		5711207422557070008EAE66 /* Info.plist */ = {isa = PBXFileReference; lastKnownFileType = text.plist.xml; path = Info.plist; sourceTree = "<group>"; };
		571120852255B552008EAE66 /* VCFavorites.swift */ = {isa = PBXFileReference; lastKnownFileType = sourcecode.swift; path = VCFavorites.swift; sourceTree = "<group>"; };
		571120872255B6DD008EAE66 /* Movies.swift */ = {isa = PBXFileReference; lastKnownFileType = sourcecode.swift; path = Movies.swift; sourceTree = "<group>"; };
		571120892255B73F008EAE66 /* Results.swift */ = {isa = PBXFileReference; lastKnownFileType = sourcecode.swift; path = Results.swift; sourceTree = "<group>"; };
		5711208B2256A7C8008EAE66 /* VCMovies.swift */ = {isa = PBXFileReference; lastKnownFileType = sourcecode.swift; path = VCMovies.swift; sourceTree = "<group>"; };
		5711208D2256ADA7008EAE66 /* VCDetailMovs.swift */ = {isa = PBXFileReference; lastKnownFileType = sourcecode.swift; path = VCDetailMovs.swift; sourceTree = "<group>"; };
/* End PBXFileReference section */

/* Begin PBXFrameworksBuildPhase section */
		571120492255706D008EAE66 /* Frameworks */ = {
			isa = PBXFrameworksBuildPhase;
			buildActionMask = 2147483647;
			files = (
			);
			runOnlyForDeploymentPostprocessing = 0;
		};
		5711206022557070008EAE66 /* Frameworks */ = {
			isa = PBXFrameworksBuildPhase;
			buildActionMask = 2147483647;
			files = (
			);
			runOnlyForDeploymentPostprocessing = 0;
		};
		5711206B22557070008EAE66 /* Frameworks */ = {
			isa = PBXFrameworksBuildPhase;
			buildActionMask = 2147483647;
			files = (
			);
			runOnlyForDeploymentPostprocessing = 0;
		};
/* End PBXFrameworksBuildPhase section */

/* Begin PBXGroup section */
		571120432255706C008EAE66 = {
			isa = PBXGroup;
			children = (
				5711204E2255706D008EAE66 /* Movs-Test */,
				5711206622557070008EAE66 /* Movs-TestTests */,
				5711207122557070008EAE66 /* Movs-TestUITests */,
				5711204D2255706D008EAE66 /* Products */,
			);
			sourceTree = "<group>";
		};
		5711204D2255706D008EAE66 /* Products */ = {
			isa = PBXGroup;
			children = (
				5711204C2255706D008EAE66 /* Movs-Test.app */,
				5711206322557070008EAE66 /* Movs-TestTests.xctest */,
				5711206E22557070008EAE66 /* Movs-TestUITests.xctest */,
			);
			name = Products;
			sourceTree = "<group>";
		};
		5711204E2255706D008EAE66 /* Movs-Test */ = {
			isa = PBXGroup;
			children = (
				571120822255B4A3008EAE66 /* Models */,
				571120812255B488008EAE66 /* Controllers */,
				571120802255B47B008EAE66 /* Provider */,
				5711204F2255706D008EAE66 /* AppDelegate.swift */,
				571120512255706D008EAE66 /* ViewController.swift */,
				571120532255706D008EAE66 /* Main.storyboard */,
				5711205922557070008EAE66 /* Assets.xcassets */,
				5711205B22557070008EAE66 /* LaunchScreen.storyboard */,
				5711205E22557070008EAE66 /* Info.plist */,
				571120562255706D008EAE66 /* Movs_Test.xcdatamodeld */,
			);
			path = "Movs-Test";
			sourceTree = "<group>";
		};
		5711206622557070008EAE66 /* Movs-TestTests */ = {
			isa = PBXGroup;
			children = (
				5711206722557070008EAE66 /* Movs_TestTests.swift */,
				5711206922557070008EAE66 /* Info.plist */,
			);
			path = "Movs-TestTests";
			sourceTree = "<group>";
		};
		5711207122557070008EAE66 /* Movs-TestUITests */ = {
			isa = PBXGroup;
			children = (
				5711207222557070008EAE66 /* Movs_TestUITests.swift */,
				5711207422557070008EAE66 /* Info.plist */,
			);
			path = "Movs-TestUITests";
			sourceTree = "<group>";
		};
		571120802255B47B008EAE66 /* Provider */ = {
			isa = PBXGroup;
			children = (
			);
			path = Provider;
			sourceTree = "<group>";
		};
		571120812255B488008EAE66 /* Controllers */ = {
			isa = PBXGroup;
			children = (
				571120852255B552008EAE66 /* VCFavorites.swift */,
				5711208B2256A7C8008EAE66 /* VCMovies.swift */,
				5711208D2256ADA7008EAE66 /* VCDetailMovs.swift */,
			);
			path = Controllers;
			sourceTree = "<group>";
		};
		571120822255B4A3008EAE66 /* Models */ = {
			isa = PBXGroup;
			children = (
				571120872255B6DD008EAE66 /* Movies.swift */,
				571120892255B73F008EAE66 /* Results.swift */,
			);
			path = Models;
			sourceTree = "<group>";
		};
/* End PBXGroup section */

/* Begin PBXNativeTarget section */
		5711204B2255706D008EAE66 /* Movs-Test */ = {
			isa = PBXNativeTarget;
			buildConfigurationList = 5711207722557070008EAE66 /* Build configuration list for PBXNativeTarget "Movs-Test" */;
			buildPhases = (
				571120482255706D008EAE66 /* Sources */,
				571120492255706D008EAE66 /* Frameworks */,
				5711204A2255706D008EAE66 /* Resources */,
			);
			buildRules = (
			);
			dependencies = (
			);
			name = "Movs-Test";
			productName = "Movs-Test";
			productReference = 5711204C2255706D008EAE66 /* Movs-Test.app */;
			productType = "com.apple.product-type.application";
		};
		5711206222557070008EAE66 /* Movs-TestTests */ = {
			isa = PBXNativeTarget;
			buildConfigurationList = 5711207A22557070008EAE66 /* Build configuration list for PBXNativeTarget "Movs-TestTests" */;
			buildPhases = (
				5711205F22557070008EAE66 /* Sources */,
				5711206022557070008EAE66 /* Frameworks */,
				5711206122557070008EAE66 /* Resources */,
			);
			buildRules = (
			);
			dependencies = (
				5711206522557070008EAE66 /* PBXTargetDependency */,
			);
			name = "Movs-TestTests";
			productName = "Movs-TestTests";
			productReference = 5711206322557070008EAE66 /* Movs-TestTests.xctest */;
			productType = "com.apple.product-type.bundle.unit-test";
		};
		5711206D22557070008EAE66 /* Movs-TestUITests */ = {
			isa = PBXNativeTarget;
			buildConfigurationList = 5711207D22557070008EAE66 /* Build configuration list for PBXNativeTarget "Movs-TestUITests" */;
			buildPhases = (
				5711206A22557070008EAE66 /* Sources */,
				5711206B22557070008EAE66 /* Frameworks */,
				5711206C22557070008EAE66 /* Resources */,
			);
			buildRules = (
			);
			dependencies = (
				5711207022557070008EAE66 /* PBXTargetDependency */,
			);
			name = "Movs-TestUITests";
			productName = "Movs-TestUITests";
			productReference = 5711206E22557070008EAE66 /* Movs-TestUITests.xctest */;
			productType = "com.apple.product-type.bundle.ui-testing";
		};
/* End PBXNativeTarget section */

/* Begin PBXProject section */
		571120442255706C008EAE66 /* Project object */ = {
			isa = PBXProject;
			attributes = {
				LastSwiftUpdateCheck = 0940;
				LastUpgradeCheck = 0940;
				ORGANIZATIONNAME = "Jose David Bustos H";
				TargetAttributes = {
					5711204B2255706D008EAE66 = {
						CreatedOnToolsVersion = 9.4.1;
					};
					5711206222557070008EAE66 = {
						CreatedOnToolsVersion = 9.4.1;
						TestTargetID = 5711204B2255706D008EAE66;
					};
					5711206D22557070008EAE66 = {
						CreatedOnToolsVersion = 9.4.1;
						TestTargetID = 5711204B2255706D008EAE66;
					};
				};
			};
			buildConfigurationList = 571120472255706C008EAE66 /* Build configuration list for PBXProject "Movs-Test" */;
			compatibilityVersion = "Xcode 9.3";
			developmentRegion = en;
			hasScannedForEncodings = 0;
			knownRegions = (
				en,
				Base,
			);
			mainGroup = 571120432255706C008EAE66;
			productRefGroup = 5711204D2255706D008EAE66 /* Products */;
			projectDirPath = "";
			projectRoot = "";
			targets = (
				5711204B2255706D008EAE66 /* Movs-Test */,
				5711206222557070008EAE66 /* Movs-TestTests */,
				5711206D22557070008EAE66 /* Movs-TestUITests */,
			);
		};
/* End PBXProject section */

/* Begin PBXResourcesBuildPhase section */
		5711204A2255706D008EAE66 /* Resources */ = {
			isa = PBXResourcesBuildPhase;
			buildActionMask = 2147483647;
			files = (
				5711205D22557070008EAE66 /* LaunchScreen.storyboard in Resources */,
				5711205A22557070008EAE66 /* Assets.xcassets in Resources */,
				571120552255706D008EAE66 /* Main.storyboard in Resources */,
			);
			runOnlyForDeploymentPostprocessing = 0;
		};
		5711206122557070008EAE66 /* Resources */ = {
			isa = PBXResourcesBuildPhase;
			buildActionMask = 2147483647;
			files = (
			);
			runOnlyForDeploymentPostprocessing = 0;
		};
		5711206C22557070008EAE66 /* Resources */ = {
			isa = PBXResourcesBuildPhase;
			buildActionMask = 2147483647;
			files = (
			);
			runOnlyForDeploymentPostprocessing = 0;
		};
/* End PBXResourcesBuildPhase section */

/* Begin PBXSourcesBuildPhase section */
		571120482255706D008EAE66 /* Sources */ = {
			isa = PBXSourcesBuildPhase;
			buildActionMask = 2147483647;
			files = (
				5711208C2256A7C8008EAE66 /* VCMovies.swift in Sources */,
				5711208A2255B73F008EAE66 /* Results.swift in Sources */,
				571120882255B6DD008EAE66 /* Movies.swift in Sources */,
				571120862255B552008EAE66 /* VCFavorites.swift in Sources */,
				571120522255706D008EAE66 /* ViewController.swift in Sources */,
				571120582255706D008EAE66 /* Movs_Test.xcdatamodeld in Sources */,
				5711208E2256ADA7008EAE66 /* VCDetailMovs.swift in Sources */,
				571120502255706D008EAE66 /* AppDelegate.swift in Sources */,
			);
			runOnlyForDeploymentPostprocessing = 0;
		};
		5711205F22557070008EAE66 /* Sources */ = {
			isa = PBXSourcesBuildPhase;
			buildActionMask = 2147483647;
			files = (
				5711206822557070008EAE66 /* Movs_TestTests.swift in Sources */,
			);
			runOnlyForDeploymentPostprocessing = 0;
		};
		5711206A22557070008EAE66 /* Sources */ = {
			isa = PBXSourcesBuildPhase;
			buildActionMask = 2147483647;
			files = (
				5711207322557070008EAE66 /* Movs_TestUITests.swift in Sources */,
			);
			runOnlyForDeploymentPostprocessing = 0;
		};
/* End PBXSourcesBuildPhase section */

/* Begin PBXTargetDependency section */
		5711206522557070008EAE66 /* PBXTargetDependency */ = {
			isa = PBXTargetDependency;
			target = 5711204B2255706D008EAE66 /* Movs-Test */;
			targetProxy = 5711206422557070008EAE66 /* PBXContainerItemProxy */;
		};
		5711207022557070008EAE66 /* PBXTargetDependency */ = {
			isa = PBXTargetDependency;
			target = 5711204B2255706D008EAE66 /* Movs-Test */;
			targetProxy = 5711206F22557070008EAE66 /* PBXContainerItemProxy */;
		};
/* End PBXTargetDependency section */

/* Begin PBXVariantGroup section */
		571120532255706D008EAE66 /* Main.storyboard */ = {
			isa = PBXVariantGroup;
			children = (
				571120542255706D008EAE66 /* Base */,
			);
			name = Main.storyboard;
			sourceTree = "<group>";
		};
		5711205B22557070008EAE66 /* LaunchScreen.storyboard */ = {
			isa = PBXVariantGroup;
			children = (
				5711205C22557070008EAE66 /* Base */,
			);
			name = LaunchScreen.storyboard;
			sourceTree = "<group>";
		};
/* End PBXVariantGroup section */

/* Begin XCBuildConfiguration section */
		5711207522557070008EAE66 /* Debug */ = {
			isa = XCBuildConfiguration;
			buildSettings = {
				ALWAYS_SEARCH_USER_PATHS = NO;
				CLANG_ANALYZER_NONNULL = YES;
				CLANG_ANALYZER_NUMBER_OBJECT_CONVERSION = YES_AGGRESSIVE;
				CLANG_CXX_LANGUAGE_STANDARD = "gnu++14";
				CLANG_CXX_LIBRARY = "libc++";
				CLANG_ENABLE_MODULES = YES;
				CLANG_ENABLE_OBJC_ARC = YES;
				CLANG_ENABLE_OBJC_WEAK = YES;
				CLANG_WARN_BLOCK_CAPTURE_AUTORELEASING = YES;
				CLANG_WARN_BOOL_CONVERSION = YES;
				CLANG_WARN_COMMA = YES;
				CLANG_WARN_CONSTANT_CONVERSION = YES;
				CLANG_WARN_DEPRECATED_OBJC_IMPLEMENTATIONS = YES;
				CLANG_WARN_DIRECT_OBJC_ISA_USAGE = YES_ERROR;
				CLANG_WARN_DOCUMENTATION_COMMENTS = YES;
				CLANG_WARN_EMPTY_BODY = YES;
				CLANG_WARN_ENUM_CONVERSION = YES;
				CLANG_WARN_INFINITE_RECURSION = YES;
				CLANG_WARN_INT_CONVERSION = YES;
				CLANG_WARN_NON_LITERAL_NULL_CONVERSION = YES;
				CLANG_WARN_OBJC_IMPLICIT_RETAIN_SELF = YES;
				CLANG_WARN_OBJC_LITERAL_CONVERSION = YES;
				CLANG_WARN_OBJC_ROOT_CLASS = YES_ERROR;
				CLANG_WARN_RANGE_LOOP_ANALYSIS = YES;
				CLANG_WARN_STRICT_PROTOTYPES = YES;
				CLANG_WARN_SUSPICIOUS_MOVE = YES;
				CLANG_WARN_UNGUARDED_AVAILABILITY = YES_AGGRESSIVE;
				CLANG_WARN_UNREACHABLE_CODE = YES;
				CLANG_WARN__DUPLICATE_METHOD_MATCH = YES;
				CODE_SIGN_IDENTITY = "iPhone Developer";
				COPY_PHASE_STRIP = NO;
				DEBUG_INFORMATION_FORMAT = dwarf;
				ENABLE_STRICT_OBJC_MSGSEND = YES;
				ENABLE_TESTABILITY = YES;
				GCC_C_LANGUAGE_STANDARD = gnu11;
				GCC_DYNAMIC_NO_PIC = NO;
				GCC_NO_COMMON_BLOCKS = YES;
				GCC_OPTIMIZATION_LEVEL = 0;
				GCC_PREPROCESSOR_DEFINITIONS = (
					"DEBUG=1",
					"$(inherited)",
				);
				GCC_WARN_64_TO_32_BIT_CONVERSION = YES;
				GCC_WARN_ABOUT_RETURN_TYPE = YES_ERROR;
				GCC_WARN_UNDECLARED_SELECTOR = YES;
				GCC_WARN_UNINITIALIZED_AUTOS = YES_AGGRESSIVE;
				GCC_WARN_UNUSED_FUNCTION = YES;
				GCC_WARN_UNUSED_VARIABLE = YES;
				IPHONEOS_DEPLOYMENT_TARGET = 11.4;
				MTL_ENABLE_DEBUG_INFO = YES;
				ONLY_ACTIVE_ARCH = YES;
				SDKROOT = iphoneos;
				SWIFT_ACTIVE_COMPILATION_CONDITIONS = DEBUG;
				SWIFT_OPTIMIZATION_LEVEL = "-Onone";
			};
			name = Debug;
		};
		5711207622557070008EAE66 /* Release */ = {
			isa = XCBuildConfiguration;
			buildSettings = {
				ALWAYS_SEARCH_USER_PATHS = NO;
				CLANG_ANALYZER_NONNULL = YES;
				CLANG_ANALYZER_NUMBER_OBJECT_CONVERSION = YES_AGGRESSIVE;
				CLANG_CXX_LANGUAGE_STANDARD = "gnu++14";
				CLANG_CXX_LIBRARY = "libc++";
				CLANG_ENABLE_MODULES = YES;
				CLANG_ENABLE_OBJC_ARC = YES;
				CLANG_ENABLE_OBJC_WEAK = YES;
				CLANG_WARN_BLOCK_CAPTURE_AUTORELEASING = YES;
				CLANG_WARN_BOOL_CONVERSION = YES;
				CLANG_WARN_COMMA = YES;
				CLANG_WARN_CONSTANT_CONVERSION = YES;
				CLANG_WARN_DEPRECATED_OBJC_IMPLEMENTATIONS = YES;
				CLANG_WARN_DIRECT_OBJC_ISA_USAGE = YES_ERROR;
				CLANG_WARN_DOCUMENTATION_COMMENTS = YES;
				CLANG_WARN_EMPTY_BODY = YES;
				CLANG_WARN_ENUM_CONVERSION = YES;
				CLANG_WARN_INFINITE_RECURSION = YES;
				CLANG_WARN_INT_CONVERSION = YES;
				CLANG_WARN_NON_LITERAL_NULL_CONVERSION = YES;
				CLANG_WARN_OBJC_IMPLICIT_RETAIN_SELF = YES;
				CLANG_WARN_OBJC_LITERAL_CONVERSION = YES;
				CLANG_WARN_OBJC_ROOT_CLASS = YES_ERROR;
				CLANG_WARN_RANGE_LOOP_ANALYSIS = YES;
				CLANG_WARN_STRICT_PROTOTYPES = YES;
				CLANG_WARN_SUSPICIOUS_MOVE = YES;
				CLANG_WARN_UNGUARDED_AVAILABILITY = YES_AGGRESSIVE;
				CLANG_WARN_UNREACHABLE_CODE = YES;
				CLANG_WARN__DUPLICATE_METHOD_MATCH = YES;
				CODE_SIGN_IDENTITY = "iPhone Developer";
				COPY_PHASE_STRIP = NO;
				DEBUG_INFORMATION_FORMAT = "dwarf-with-dsym";
				ENABLE_NS_ASSERTIONS = NO;
				ENABLE_STRICT_OBJC_MSGSEND = YES;
				GCC_C_LANGUAGE_STANDARD = gnu11;
				GCC_NO_COMMON_BLOCKS = YES;
				GCC_WARN_64_TO_32_BIT_CONVERSION = YES;
				GCC_WARN_ABOUT_RETURN_TYPE = YES_ERROR;
				GCC_WARN_UNDECLARED_SELECTOR = YES;
				GCC_WARN_UNINITIALIZED_AUTOS = YES_AGGRESSIVE;
				GCC_WARN_UNUSED_FUNCTION = YES;
				GCC_WARN_UNUSED_VARIABLE = YES;
				IPHONEOS_DEPLOYMENT_TARGET = 11.4;
				MTL_ENABLE_DEBUG_INFO = NO;
				SDKROOT = iphoneos;
				SWIFT_COMPILATION_MODE = wholemodule;
				SWIFT_OPTIMIZATION_LEVEL = "-O";
				VALIDATE_PRODUCT = YES;
			};
			name = Release;
		};
		5711207822557070008EAE66 /* Debug */ = {
			isa = XCBuildConfiguration;
			buildSettings = {
				ASSETCATALOG_COMPILER_APPICON_NAME = AppIcon;
				CODE_SIGN_STYLE = Automatic;
				DEVELOPMENT_TEAM = 828LF57WA4;
				INFOPLIST_FILE = "Movs-Test/Info.plist";
				LD_RUNPATH_SEARCH_PATHS = (
					"$(inherited)",
					"@executable_path/Frameworks",
				);
				PRODUCT_BUNDLE_IDENTIFIER = "KorbekSA.Movs-Test";
				PRODUCT_NAME = "$(TARGET_NAME)";
				SWIFT_VERSION = 4.0;
				TARGETED_DEVICE_FAMILY = "1,2";
			};
			name = Debug;
		};
		5711207922557070008EAE66 /* Release */ = {
			isa = XCBuildConfiguration;
			buildSettings = {
				ASSETCATALOG_COMPILER_APPICON_NAME = AppIcon;
				CODE_SIGN_STYLE = Automatic;
				DEVELOPMENT_TEAM = 828LF57WA4;
				INFOPLIST_FILE = "Movs-Test/Info.plist";
				LD_RUNPATH_SEARCH_PATHS = (
					"$(inherited)",
					"@executable_path/Frameworks",
				);
				PRODUCT_BUNDLE_IDENTIFIER = "KorbekSA.Movs-Test";
				PRODUCT_NAME = "$(TARGET_NAME)";
				SWIFT_VERSION = 4.0;
				TARGETED_DEVICE_FAMILY = "1,2";
			};
			name = Release;
		};
		5711207B22557070008EAE66 /* Debug */ = {
			isa = XCBuildConfiguration;
			buildSettings = {
				ALWAYS_EMBED_SWIFT_STANDARD_LIBRARIES = YES;
				BUNDLE_LOADER = "$(TEST_HOST)";
				CODE_SIGN_STYLE = Automatic;
				DEVELOPMENT_TEAM = 828LF57WA4;
				INFOPLIST_FILE = "Movs-TestTests/Info.plist";
				LD_RUNPATH_SEARCH_PATHS = (
					"$(inherited)",
					"@executable_path/Frameworks",
					"@loader_path/Frameworks",
				);
				PRODUCT_BUNDLE_IDENTIFIER = "KorbekSA.Movs-TestTests";
				PRODUCT_NAME = "$(TARGET_NAME)";
				SWIFT_VERSION = 4.0;
				TARGETED_DEVICE_FAMILY = "1,2";
				TEST_HOST = "$(BUILT_PRODUCTS_DIR)/Movs-Test.app/Movs-Test";
			};
			name = Debug;
		};
		5711207C22557070008EAE66 /* Release */ = {
			isa = XCBuildConfiguration;
			buildSettings = {
				ALWAYS_EMBED_SWIFT_STANDARD_LIBRARIES = YES;
				BUNDLE_LOADER = "$(TEST_HOST)";
				CODE_SIGN_STYLE = Automatic;
				DEVELOPMENT_TEAM = 828LF57WA4;
				INFOPLIST_FILE = "Movs-TestTests/Info.plist";
				LD_RUNPATH_SEARCH_PATHS = (
					"$(inherited)",
					"@executable_path/Frameworks",
					"@loader_path/Frameworks",
				);
				PRODUCT_BUNDLE_IDENTIFIER = "KorbekSA.Movs-TestTests";
				PRODUCT_NAME = "$(TARGET_NAME)";
				SWIFT_VERSION = 4.0;
				TARGETED_DEVICE_FAMILY = "1,2";
				TEST_HOST = "$(BUILT_PRODUCTS_DIR)/Movs-Test.app/Movs-Test";
			};
			name = Release;
		};
		5711207E22557070008EAE66 /* Debug */ = {
			isa = XCBuildConfiguration;
			buildSettings = {
				ALWAYS_EMBED_SWIFT_STANDARD_LIBRARIES = YES;
				CODE_SIGN_STYLE = Automatic;
				DEVELOPMENT_TEAM = 828LF57WA4;
				INFOPLIST_FILE = "Movs-TestUITests/Info.plist";
				LD_RUNPATH_SEARCH_PATHS = (
					"$(inherited)",
					"@executable_path/Frameworks",
					"@loader_path/Frameworks",
				);
				PRODUCT_BUNDLE_IDENTIFIER = "KorbekSA.Movs-TestUITests";
				PRODUCT_NAME = "$(TARGET_NAME)";
				SWIFT_VERSION = 4.0;
				TARGETED_DEVICE_FAMILY = "1,2";
				TEST_TARGET_NAME = "Movs-Test";
			};
			name = Debug;
		};
		5711207F22557070008EAE66 /* Release */ = {
			isa = XCBuildConfiguration;
			buildSettings = {
				ALWAYS_EMBED_SWIFT_STANDARD_LIBRARIES = YES;
				CODE_SIGN_STYLE = Automatic;
				DEVELOPMENT_TEAM = 828LF57WA4;
				INFOPLIST_FILE = "Movs-TestUITests/Info.plist";
				LD_RUNPATH_SEARCH_PATHS = (
					"$(inherited)",
					"@executable_path/Frameworks",
					"@loader_path/Frameworks",
				);
				PRODUCT_BUNDLE_IDENTIFIER = "KorbekSA.Movs-TestUITests";
				PRODUCT_NAME = "$(TARGET_NAME)";
				SWIFT_VERSION = 4.0;
				TARGETED_DEVICE_FAMILY = "1,2";
				TEST_TARGET_NAME = "Movs-Test";
			};
			name = Release;
		};
/* End XCBuildConfiguration section */

/* Begin XCConfigurationList section */
		571120472255706C008EAE66 /* Build configuration list for PBXProject "Movs-Test" */ = {
			isa = XCConfigurationList;
			buildConfigurations = (
				5711207522557070008EAE66 /* Debug */,
				5711207622557070008EAE66 /* Release */,
			);
			defaultConfigurationIsVisible = 0;
			defaultConfigurationName = Release;
		};
		5711207722557070008EAE66 /* Build configuration list for PBXNativeTarget "Movs-Test" */ = {
			isa = XCConfigurationList;
			buildConfigurations = (
				5711207822557070008EAE66 /* Debug */,
				5711207922557070008EAE66 /* Release */,
			);
			defaultConfigurationIsVisible = 0;
			defaultConfigurationName = Release;
		};
		5711207A22557070008EAE66 /* Build configuration list for PBXNativeTarget "Movs-TestTests" */ = {
			isa = XCConfigurationList;
			buildConfigurations = (
				5711207B22557070008EAE66 /* Debug */,
				5711207C22557070008EAE66 /* Release */,
			);
			defaultConfigurationIsVisible = 0;
			defaultConfigurationName = Release;
		};
		5711207D22557070008EAE66 /* Build configuration list for PBXNativeTarget "Movs-TestUITests" */ = {
			isa = XCConfigurationList;
			buildConfigurations = (
				5711207E22557070008EAE66 /* Debug */,
				5711207F22557070008EAE66 /* Release */,
			);
			defaultConfigurationIsVisible = 0;
			defaultConfigurationName = Release;
		};
/* End XCConfigurationList section */

/* Begin XCVersionGroup section */
		571120562255706D008EAE66 /* Movs_Test.xcdatamodeld */ = {
			isa = XCVersionGroup;
			children = (
				571120572255706D008EAE66 /* Movs_Test.xcdatamodel */,
			);
			currentVersion = 571120572255706D008EAE66 /* Movs_Test.xcdatamodel */;
			path = Movs_Test.xcdatamodeld;
			sourceTree = "<group>";
			versionGroupType = wrapper.xcdatamodel;
		};
/* End XCVersionGroup section */
	};
	rootObject = 571120442255706C008EAE66 /* Project object */;
}
